
Microsoft Visual Studio Solution File, Format Version 12.00
# Visual Studio 15
VisualStudioVersion = 15.0.28307.168
MinimumVisualStudioVersion = 10.0.40219.1
Project("{FAE04EC0-301F-11D3-BF4B-00C04F79EFBC}") = "AfInvest.Krunch", "AfInvest.Krunch\AfInvest.Krunch.csproj", "{E05FFF3C-7749-490C-983F-9DCC92C665FC}"
EndProject
Project("{FAE04EC0-301F-11D3-BF4B-00C04F79EFBC}") = "AfInvest.Krunch.TestKrunch", "AfInvest.Krunch.TestKrunch\AfInvest.Krunch.TestKrunch.csproj", "{55D7B22C-41BF-49CB-BAC8-98F82DC847C8}"
EndProject
Project("{FAE04EC0-301F-11D3-BF4B-00C04F79EFBC}") = "TestKrunchGeneration", "TestKrunchGeneration\TestKrunchGeneration.csproj", "{40ADB241-A949-4D57-A23F-85884837C50D}"
EndProject
Global
	GlobalSection(SolutionConfigurationPlatforms) = preSolution
		Debug|Any CPU = Debug|Any CPU
		Release|Any CPU = Release|Any CPU
	EndGlobalSection
	GlobalSection(ProjectConfigurationPlatforms) = postSolution
		{E05FFF3C-7749-490C-983F-9DCC92C665FC}.Debug|Any CPU.ActiveCfg = Debug|Any CPU
		{E05FFF3C-7749-490C-983F-9DCC92C665FC}.Debug|Any CPU.Build.0 = Debug|Any CPU
		{E05FFF3C-7749-490C-983F-9DCC92C665FC}.Release|Any CPU.ActiveCfg = Release|Any CPU
		{E05FFF3C-7749-490C-983F-9DCC92C665FC}.Release|Any CPU.Build.0 = Release|Any CPU
		{55D7B22C-41BF-49CB-BAC8-98F82DC847C8}.Debug|Any CPU.ActiveCfg = Debug|Any CPU
		{55D7B22C-41BF-49CB-BAC8-98F82DC847C8}.Debug|Any CPU.Build.0 = Debug|Any CPU
		{55D7B22C-41BF-49CB-BAC8-98F82DC847C8}.Release|Any CPU.ActiveCfg = Release|Any CPU
		{55D7B22C-41BF-49CB-BAC8-98F82DC847C8}.Release|Any CPU.Build.0 = Release|Any CPU
		{40ADB241-A949-4D57-A23F-85884837C50D}.Debug|Any CPU.ActiveCfg = Debug|Any CPU
		{40ADB241-A949-4D57-A23F-85884837C50D}.Debug|Any CPU.Build.0 = Debug|Any CPU
		{40ADB241-A949-4D57-A23F-85884837C50D}.Release|Any CPU.ActiveCfg = Release|Any CPU
		{40ADB241-A949-4D57-A23F-85884837C50D}.Release|Any CPU.Build.0 = Release|Any CPU
	EndGlobalSection
	GlobalSection(SolutionProperties) = preSolution
		HideSolutionNode = FALSE
	EndGlobalSection
	GlobalSection(ExtensibilityGlobals) = postSolution
		SolutionGuid = {C29874EE-0ACE-4C39-9734-6936804863BF}
	EndGlobalSection
EndGlobal
